<?xml version="1.0" encoding="utf-8"?>
<Project ToolsVersion="4.0" xmlns="http://schemas.microsoft.com/developer/msbuild/2003">
  <ItemGroup>
    <Filter Include="Source Files">
      <UniqueIdentifier>{4FC737F1-C7A5-4376-A066-2A32D752A2FF}</UniqueIdentifier>
      <Extensions>cpp;c;cc;cxx;def;odl;idl;hpj;bat;asm;asmx</Extensions>
    </Filter>
    <Filter Include="Header Files">
      <UniqueIdentifier>{93995380-89BD-4b04-88EB-625FBE52EBFB}</UniqueIdentifier>
      <Extensions>h;hh;hpp;hxx;hm;inl;inc;xsd</Extensions>
    </Filter>
    <Filter Include="Resource Files">
      <UniqueIdentifier>{67DA6AB6-F800-4c08-8B7A-83BB121AAD01}</UniqueIdentifier>
      <Extensions>rc;ico;cur;bmp;dlg;rc2;rct;bin;rgs;gif;jpg;jpeg;jpe;resx;tiff;tif;png;wav;mfcribbon-ms</Extensions>
    </Filter>
    <Filter Include="Converters">
      <UniqueIdentifier>{ae781ee2-9347-42be-ad96-b8f7d6dd53f6}</UniqueIdentifier>
    </Filter>
    <Filter Include="Factories">
      <UniqueIdentifier>{75760fde-bafa-4ea8-9543-67f92936aaa0}</UniqueIdentifier>
    </Filter>
    <Filter Include="Tables">
      <UniqueIdentifier>{9c60b03a-511a-4725-9d61-c2902a11c67d}</UniqueIdentifier>
    </Filter>
  </ItemGroup>
  <ItemGroup>
    <ClCompile Include="EngineMySql.cpp">
      <Filter>Source Files</Filter>
    </ClCompile>
    <ClCompile Include="EngineSqlServer.cpp">
      <Filter>Source Files</Filter>
    </ClCompile>
    <ClCompile Include="EngineBase.cpp">
      <Filter>Source Files</Filter>
    </ClCompile>
    <ClCompile Include="CVT_Issues.cpp">
      <Filter>Converters</Filter>
    </ClCompile>
    <ClCompile Include="DBEngine.cpp">
      <Filter>Source Files</Filter>
    </ClCompile>
    <ClCompile Include="DBEngineFactory.cpp">
      <Filter>Factories</Filter>
    </ClCompile>
    <ClCompile Include="ConverterFactory.cpp">
      <Filter>Factories</Filter>
    </ClCompile>
    <ClCompile Include="DB_Issues.cpp">
      <Filter>Tables</Filter>
    </ClCompile>
    <ClCompile Include="TableNames.cpp">
      <Filter>Tables</Filter>
    </ClCompile>
  </ItemGroup>
  <ItemGroup>
    <ClInclude Include="EngineBase.hpp">
      <Filter>Header Files</Filter>
    </ClInclude>
    <ClInclude Include="EngineMySql.hpp">
      <Filter>Header Files</Filter>
    </ClInclude>
    <ClInclude Include="EngineSqlServer.hpp">
      <Filter>Header Files</Filter>
    </ClInclude>
    <ClInclude Include="DBEngine.hpp">
      <Filter>Header Files</Filter>
    </ClInclude>
    <ClInclude Include="DBInfo.hpp">
      <Filter>Header Files</Filter>
    </ClInclude>
    <ClInclude Include="ConverterBase.hpp">
      <Filter>Header Files</Filter>
    </ClInclude>
    <ClInclude Include="CVT_Issues.hpp">
      <Filter>Header Files</Filter>
    </ClInclude>
    <ClInclude Include="TBL_Issues.hpp">
      <Filter>Header Files</Filter>
    </ClInclude>
    <ClInclude Include="DBEngineFactory.hpp">
      <Filter>Header Files</Filter>
    </ClInclude>
    <ClInclude Include="ConverterFactory.hpp">
      <Filter>Header Files</Filter>
    </ClInclude>
    <ClInclude Include="TableNames.hpp">
      <Filter>Header Files</Filter>
    </ClInclude>
    <ClInclude Include="DB_Issues.hpp">
      <Filter>Header Files</Filter>
    </ClInclude>
    <ClInclude Include="Healthy.hpp">
      <Filter>Header Files</Filter>
    </ClInclude>
  </ItemGroup>
</Project>